# Generated by pub
# See https://dart.dev/tools/pub/glossary#lockfile
packages:
  animate_do:
    dependency: "direct main"
    description:
      name: animate_do
      sha256: "4554744e604b841e2bde710398ef3f4f8a1935a182b48727afe2a1023527b883"
      url: "https://pub.flutter-io.cn"
    source: hosted
    version: "2.1.0"
  archive:
    dependency: transitive
    description:
      name: archive
      sha256: b4e685f9b52b7c50b6433fa4008572f157ca5841f4dbddda513a112a8c23cb69
      url: "https://pub.flutter-io.cn"
    source: hosted
    version: "3.2.1"
  async:
    dependency: transitive
    description:
      name: async
      sha256: bfe67ef28df125b7dddcea62755991f807aa39a2492a23e1550161692950bbe0
      url: "https://pub.flutter-io.cn"
    source: hosted
    version: "2.10.0"
  audio_session:
    dependency: transitive
    description:
      name: audio_session
      sha256: f952f7a98640ba1d07520465a1cdaed6df0994390ac6fa73920d1741207147b8
      url: "https://pub.flutter-io.cn"
    source: hosted
    version: "0.1.10"
  boolean_selector:
    dependency: transitive
    description:
      name: boolean_selector
      sha256: "6cfb5af12253eaf2b368f07bacc5a80d1301a071c73360d746b7f2e32d762c66"
      url: "https://pub.flutter-io.cn"
    source: hosted
    version: "2.1.1"
  cached_network_image:
    dependency: "direct main"
    description:
      name: cached_network_image
      sha256: be69fd8b429d48807102cee6ab4106a55e1f2f3e79a1b83abb8572bc06c64f26
      url: "https://pub.flutter-io.cn"
    source: hosted
    version: "3.2.2"
  cached_network_image_platform_interface:
    dependency: transitive
    description:
      name: cached_network_image_platform_interface
      sha256: bb2b8403b4ccdc60ef5f25c70dead1f3d32d24b9d6117cfc087f496b178594a7
      url: "https://pub.flutter-io.cn"
    source: hosted
    version: "2.0.0"
  cached_network_image_web:
    dependency: transitive
    description:
      name: cached_network_image_web
      sha256: b8eb814ebfcb4dea049680f8c1ffb2df399e4d03bf7a352c775e26fa06e02fa0
      url: "https://pub.flutter-io.cn"
    source: hosted
    version: "1.0.2"
  characters:
    dependency: transitive
    description:
      name: characters
      sha256: e6a326c8af69605aec75ed6c187d06b349707a27fbff8222ca9cc2cff167975c
      url: "https://pub.flutter-io.cn"
    source: hosted
    version: "1.2.1"
  charcode:
    dependency: transitive
    description:
      name: charcode
      sha256: fb98c0f6d12c920a02ee2d998da788bca066ca5f148492b7085ee23372b12306
      url: "https://pub.flutter-io.cn"
    source: hosted
    version: "1.3.1"
  chewie:
    dependency: "direct main"
    description:
      name: chewie
      sha256: edb7a38d3f80035e46f931a6ff9391706e206f81f7c00ca4d58356809b593427
      url: "https://pub.flutter-io.cn"
    source: hosted
    version: "1.3.5"
  clock:
    dependency: transitive
    description:
      name: clock
      sha256: cb6d7f03e1de671e34607e909a7213e31d7752be4fb66a86d29fe1eb14bfb5cf
      url: "https://pub.flutter-io.cn"
    source: hosted
    version: "1.1.1"
  collection:
    dependency: transitive
    description:
      name: collection
      sha256: cfc915e6923fe5ce6e153b0723c753045de46de1b4d63771530504004a45fae0
      url: "https://pub.flutter-io.cn"
    source: hosted
    version: "1.17.0"
  crypto:
    dependency: transitive
    description:
      name: crypto
      sha256: cf75650c66c0316274e21d7c43d3dea246273af5955bd94e8184837cd577575c
      url: "https://pub.flutter-io.cn"
    source: hosted
    version: "3.0.1"
  csslib:
    dependency: transitive
    description:
      name: csslib
      sha256: b36c7f7e24c0bdf1bf9a3da461c837d1de64b9f8beb190c9011d8c72a3dfd745
      url: "https://pub.flutter-io.cn"
    source: hosted
    version: "0.17.2"
  cupertino_icons:
    dependency: transitive
    description:
      name: cupertino_icons
      sha256: e35129dc44c9118cee2a5603506d823bab99c68393879edb440e0090d07586be
      url: "https://pub.flutter-io.cn"
    source: hosted
    version: "1.0.5"
  dio:
    dependency: "direct main"
    description:
      name: dio
      sha256: "7d328c4d898a61efc3cd93655a0955858e29a0aa647f0f9e02d59b3bb275e2e8"
      url: "https://pub.flutter-io.cn"
    source: hosted
    version: "4.0.6"
  emoji_picker_flutter:
    dependency: "direct main"
    description:
      name: emoji_picker_flutter
      sha256: ce3c34e6b6a9ade2884f2e249e75ad7985bec8a05e4d3c350e593c38f99c479f
      url: "https://pub.flutter-io.cn"
    source: hosted
    version: "1.4.0"
  extended_image:
    dependency: "direct main"
    description:
      name: extended_image
      sha256: "75e4b0ad0f8f63eed7935ff2506c809a670f5e6dd0f61304525879d53fc41a17"
      url: "https://pub.flutter-io.cn"
    source: hosted
    version: "7.0.2"
  extended_image_library:
    dependency: transitive
    description:
      name: extended_image_library
      sha256: b1de389378589e4dffb3564d782373238f19064037458092c49b3043b2791b2b
      url: "https://pub.flutter-io.cn"
    source: hosted
    version: "3.4.1"
  extended_text:
    dependency: "direct main"
    description:
      name: extended_text
      sha256: c0f92379321193aaf29d7d0a29ea61886a0dcf30ea455b03fb793ab518cd799a
      url: "https://pub.flutter-io.cn"
    source: hosted
    version: "10.0.0"
  extended_text_field:
    dependency: "direct main"
    description:
      name: extended_text_field
      sha256: "0dc6240580fe047063d1f168182af54f0d69ad8e8bb2ea81bdf0a66d480a8e8f"
      url: "https://pub.flutter-io.cn"
    source: hosted
    version: "11.0.0"
  extended_text_library:
    dependency: transitive
    description:
      name: extended_text_library
      sha256: b681de15a38ddf36b879a96b655232873efd6f39bd60f4928044e9f563f4cb22
      url: "https://pub.flutter-io.cn"
    source: hosted
    version: "9.1.0"
  fake_async:
    dependency: transitive
    description:
      name: fake_async
      sha256: "511392330127add0b769b75a987850d136345d9227c6b94c96a04cf4a391bf78"
      url: "https://pub.flutter-io.cn"
    source: hosted
    version: "1.3.1"
  ffi:
    dependency: transitive
    description:
      name: ffi
      sha256: "35d0f481d939de0d640b3db9a7aa36a52cd22054a798a73b4f50bdad5ce12678"
      url: "https://pub.flutter-io.cn"
    source: hosted
    version: "1.1.2"
  file:
    dependency: transitive
    description:
      name: file
      sha256: b69516f2c26a5bcac4eee2e32512e1a5205ab312b3536c1c1227b2b942b5f9ad
      url: "https://pub.flutter-io.cn"
    source: hosted
    version: "6.1.2"
  flutter:
    dependency: "direct main"
    description: flutter
    source: sdk
    version: "0.0.0"
  flutter_blurhash:
    dependency: transitive
    description:
      name: flutter_blurhash
      sha256: "05001537bd3fac7644fa6558b09ec8c0a3f2eba78c0765f88912882b1331a5c6"
      url: "https://pub.flutter-io.cn"
    source: hosted
    version: "0.7.0"
  flutter_cache_manager:
    dependency: "direct main"
    description:
      name: flutter_cache_manager
      sha256: "32cd900555219333326a2d0653aaaf8671264c29befa65bbd9856d204a4c9fb3"
      url: "https://pub.flutter-io.cn"
    source: hosted
    version: "3.3.0"
  flutter_image_compress:
    dependency: "direct main"
    description:
      name: flutter_image_compress
      sha256: "37f1b26399098e5f97b74c1483f534855e7dff68ead6ddaccf747029fb03f29f"
      url: "https://pub.flutter-io.cn"
    source: hosted
    version: "1.1.3"
  flutter_inappwebview:
    dependency: "direct main"
    description:
      name: flutter_inappwebview
      sha256: f31169b4559939acb74272a41a6f54fe0d395834ecca2b1c6920dc7e30d61fd1
      url: "https://pub.flutter-io.cn"
    source: hosted
    version: "5.4.4+3"
  flutter_keyboard_visibility:
    dependency: "direct main"
    description:
      name: flutter_keyboard_visibility
      sha256: "40d25e00e511fc7e0735d79002db28c2d4736773e5933c45bf239ad1fb80661c"
      url: "https://pub.flutter-io.cn"
    source: hosted
    version: "5.3.0"
  flutter_keyboard_visibility_platform_interface:
    dependency: transitive
    description:
      name: flutter_keyboard_visibility_platform_interface
      sha256: e43a89845873f7be10cb3884345ceb9aebf00a659f479d1c8f4293fcb37022a4
      url: "https://pub.flutter-io.cn"
    source: hosted
    version: "2.0.0"
  flutter_keyboard_visibility_web:
    dependency: transitive
    description:
      name: flutter_keyboard_visibility_web
      sha256: d3771a2e752880c79203f8d80658401d0c998e4183edca05a149f5098ce6e3d1
      url: "https://pub.flutter-io.cn"
    source: hosted
    version: "2.0.0"
  flutter_openim_sdk:
    dependency: "direct main"
    description:
      path: "../flutter_openim_sdk"
      relative: true
    source: path
    version: "2.3.5+2"
  flutter_screenutil:
    dependency: "direct main"
    description:
      name: flutter_screenutil
      sha256: "5e8f5197b4d0ec4b70d1c7afe055b18bba6ac27c00b309a98c25c11ba64eedf1"
      url: "https://pub.flutter-io.cn"
    source: hosted
    version: "5.5.4"
  flutter_slidable:
    dependency: "direct main"
    description:
      name: flutter_slidable
      sha256: "6c68e1fad129b4b807b2218ef4cf7f7f6f61c5ec8861c990dc2278d9d03cb09f"
      url: "https://pub.flutter-io.cn"
    source: hosted
    version: "2.0.0"
  flutter_svg:
    dependency: "direct main"
    description:
      name: flutter_svg
      sha256: f2aa23d9d1721cd5c2c5097558368d2a1f85be35a85a6cf26a626e80c369a47c
      url: "https://pub.flutter-io.cn"
    source: hosted
    version: "1.1.5"
  flutter_test:
    dependency: "direct dev"
    description: flutter
    source: sdk
    version: "0.0.0"
  flutter_web_plugins:
    dependency: transitive
    description: flutter
    source: sdk
    version: "0.0.0"
  font_awesome_flutter:
    dependency: "direct main"
    description:
      name: font_awesome_flutter
      sha256: "8f0ce0204bd0cafa8631536a6f3b7d05d9c16cdc6e8bd807843f917027c5cefd"
      url: "https://pub.flutter-io.cn"
    source: hosted
    version: "10.2.1"
  html:
    dependency: transitive
    description:
      name: html
      sha256: d9793e10dbe0e6c364f4c59bf3e01fb33a9b2a674bc7a1081693dba0614b6269
      url: "https://pub.flutter-io.cn"
    source: hosted
    version: "0.15.1"
  http:
    dependency: transitive
    description:
      name: http
      sha256: "2ed163531e071c2c6b7c659635112f24cb64ecbebf6af46b550d536c0b1aa112"
      url: "https://pub.flutter-io.cn"
    source: hosted
    version: "0.13.4"
  http_client_helper:
    dependency: transitive
    description:
      name: http_client_helper
      sha256: "1f32359bd07a064ad256d1f84ae5f973f69bc972e7287223fa198abe1d969c28"
      url: "https://pub.flutter-io.cn"
    source: hosted
    version: "2.0.3"
  http_parser:
    dependency: transitive
    description:
      name: http_parser
      sha256: e362d639ba3bc07d5a71faebb98cde68c05bfbcfbbb444b60b6f60bb67719185
      url: "https://pub.flutter-io.cn"
    source: hosted
    version: "4.0.0"
  js:
    dependency: transitive
    description:
      name: js
      sha256: "5528c2f391ededb7775ec1daa69e65a2d61276f7552de2b5f7b8d34ee9fd4ab7"
      url: "https://pub.flutter-io.cn"
    source: hosted
    version: "0.6.5"
  just_audio:
    dependency: "direct main"
    description:
      name: just_audio
      sha256: c5da4ef614812af5944140640284e45bd334c289ba902d4c5f987034029e3542
      url: "https://pub.flutter-io.cn"
    source: hosted
    version: "0.9.29"
  just_audio_platform_interface:
    dependency: transitive
    description:
      name: just_audio_platform_interface
      sha256: eff112d5138bea3ba544b6338b1e0537a32b5e1425e4d0dc38f732771cda7c84
      url: "https://pub.flutter-io.cn"
    source: hosted
    version: "4.2.0"
  just_audio_web:
    dependency: transitive
    description:
      name: just_audio_web
      sha256: "89d8db6f19f3821bb6bf908c4bfb846079afb2ab575b783d781a6bf119e3abaf"
      url: "https://pub.flutter-io.cn"
    source: hosted
    version: "0.4.7"
  lottie:
    dependency: "direct main"
    description:
      name: lottie
      sha256: "893da7a0022ec2fcaa616f34529a081f617e86cc501105b856e5a3184c58c7c2"
      url: "https://pub.flutter-io.cn"
    source: hosted
    version: "1.4.3"
  matcher:
    dependency: transitive
    description:
      name: matcher
      sha256: "16db949ceee371e9b99d22f88fa3a73c4e59fd0afed0bd25fc336eb76c198b72"
      url: "https://pub.flutter-io.cn"
    source: hosted
    version: "0.12.13"
  material_color_utilities:
    dependency: transitive
    description:
      name: material_color_utilities
      sha256: d92141dc6fe1dad30722f9aa826c7fbc896d021d792f80678280601aff8cf724
      url: "https://pub.flutter-io.cn"
    source: hosted
    version: "0.2.0"
  meta:
    dependency: transitive
    description:
      name: meta
      sha256: "6c268b42ed578a53088d834796959e4a1814b5e9e164f147f580a386e5decf42"
      url: "https://pub.flutter-io.cn"
    source: hosted
    version: "1.8.0"
  mime_type:
    dependency: "direct main"
    description:
      name: mime_type
      sha256: "2ad6e67d3d2de9ac0f8ef5352d998fd103cb21351ae8c02fb0c78b079b37d275"
      url: "https://pub.flutter-io.cn"
    source: hosted
    version: "1.0.0"
  nested:
    dependency: transitive
    description:
      name: nested
      sha256: "03bac4c528c64c95c722ec99280375a6f2fc708eec17c7b3f07253b626cd2a20"
      url: "https://pub.flutter-io.cn"
    source: hosted
    version: "1.0.0"
  octo_image:
    dependency: transitive
    description:
      name: octo_image
      sha256: "107f3ed1330006a3bea63615e81cf637433f5135a52466c7caa0e7152bca9143"
      url: "https://pub.flutter-io.cn"
    source: hosted
    version: "1.0.2"
  path:
    dependency: transitive
    description:
      name: path
      sha256: db9d4f58c908a4ba5953fcee2ae317c94889433e5024c27ce74a37f94267945b
      url: "https://pub.flutter-io.cn"
    source: hosted
    version: "1.8.2"
  path_drawing:
    dependency: transitive
    description:
      name: path_drawing
      sha256: bbb1934c0cbb03091af082a6389ca2080345291ef07a5fa6d6e078ba8682f977
      url: "https://pub.flutter-io.cn"
    source: hosted
    version: "1.0.1"
  path_parsing:
    dependency: transitive
    description:
      name: path_parsing
      sha256: e3e67b1629e6f7e8100b367d3db6ba6af4b1f0bb80f64db18ef1fbabd2fa9ccf
      url: "https://pub.flutter-io.cn"
    source: hosted
    version: "1.0.1"
  path_provider:
    dependency: "direct main"
    description:
      name: path_provider
      sha256: "050e8e85e4b7fecdf2bb3682c1c64c4887a183720c802d323de8a5fd76d372dd"
      url: "https://pub.flutter-io.cn"
    source: hosted
    version: "2.0.11"
  path_provider_android:
    dependency: transitive
    description:
      name: path_provider_android
      sha256: c69109bae02c6116bd8ac81319b13eb73dfae02ef74690d2a1a98c1ddd3aaefc
      url: "https://pub.flutter-io.cn"
    source: hosted
    version: "2.0.11"
  path_provider_ios:
    dependency: transitive
    description:
      name: path_provider_ios
      sha256: "038d0141ff5d08c60ed071eee2758b68c50c42a1c10066a1fb6c28ab32fac84c"
      url: "https://pub.flutter-io.cn"
    source: hosted
    version: "2.0.7"
  path_provider_linux:
    dependency: transitive
    description:
      name: path_provider_linux
      sha256: "1e109f4df28bd95eab71e323008b53d19c4d633bc1ab05b577518773474e9621"
      url: "https://pub.flutter-io.cn"
    source: hosted
    version: "2.1.5"
  path_provider_macos:
    dependency: transitive
    description:
      name: path_provider_macos
      sha256: "0adeb313e1f2c3fc52baeeee59b0fe9c2d1f7da56fd96a9234e1702ec653a453"
      url: "https://pub.flutter-io.cn"
    source: hosted
    version: "2.0.5"
  path_provider_platform_interface:
    dependency: transitive
    description:
      name: path_provider_platform_interface
      sha256: "3dc0d51b07f85fec3746d9f4e8d31c73bb173cafa2e763f03f8df2e8d1878882"
      url: "https://pub.flutter-io.cn"
    source: hosted
    version: "2.0.3"
  path_provider_windows:
    dependency: transitive
    description:
      name: path_provider_windows
      sha256: "366ad4e3541ea707f859e7148d4d5aba67d589d7936cee04a05c464a277eeb27"
      url: "https://pub.flutter-io.cn"
    source: hosted
    version: "2.0.5"
  pedantic:
    dependency: transitive
    description:
      name: pedantic
      sha256: "67fc27ed9639506c856c840ccce7594d0bdcd91bc8d53d6e52359449a1d50602"
      url: "https://pub.flutter-io.cn"
    source: hosted
    version: "1.11.1"
  permission_handler:
    dependency: "direct main"
    description:
      name: permission_handler
      sha256: "551f8c3398f1ff26aed2ccc8d0b4e4f905cd7b1714e6a688e0b870621ad33524"
      url: "https://pub.flutter-io.cn"
    source: hosted
    version: "10.1.0"
  permission_handler_android:
    dependency: transitive
    description:
      name: permission_handler_android
      sha256: a7b6bdc94fbb68d70c1eebca6fa3d3836b0dc0262207c1d05053bed3bae02250
      url: "https://pub.flutter-io.cn"
    source: hosted
    version: "10.1.0"
  permission_handler_apple:
    dependency: transitive
    description:
      name: permission_handler_apple
      sha256: "76dc5440756ec4b6b8b194506fe34b823fff608de418114004b36cfe5f7a174f"
      url: "https://pub.flutter-io.cn"
    source: hosted
    version: "9.0.6"
  permission_handler_platform_interface:
    dependency: transitive
    description:
      name: permission_handler_platform_interface
      sha256: "68abbc472002b5e6dfce47fe9898c6b7d8328d58b5d2524f75e277c07a97eb84"
      url: "https://pub.flutter-io.cn"
    source: hosted
    version: "3.9.0"
  permission_handler_windows:
    dependency: transitive
    description:
      name: permission_handler_windows
      sha256: b061bd16483abaf7f4769c343c976fb415d8635166c909f38f10f23b2734a54f
      url: "https://pub.flutter-io.cn"
    source: hosted
    version: "0.1.1"
  petitparser:
    dependency: transitive
    description:
      name: petitparser
      sha256: "2ebb289dc4764ec397f5cd3ca9881c6d17196130a7d646ed022a0dd9c2e25a71"
      url: "https://pub.flutter-io.cn"
    source: hosted
    version: "5.0.0"
  photo_view:
    dependency: "direct main"
    description:
      name: photo_view
      sha256: "8036802a00bae2a78fc197af8a158e3e2f7b500561ed23b4c458107685e645bb"
      url: "https://pub.flutter-io.cn"
    source: hosted
    version: "0.14.0"
  platform:
    dependency: transitive
    description:
      name: platform
      sha256: "4a451831508d7d6ca779f7ac6e212b4023dd5a7d08a27a63da33756410e32b76"
      url: "https://pub.flutter-io.cn"
    source: hosted
    version: "3.1.0"
  plugin_platform_interface:
    dependency: transitive
    description:
      name: plugin_platform_interface
      sha256: "075f927ebbab4262ace8d0b283929ac5410c0ac4e7fc123c76429564facfb757"
      url: "https://pub.flutter-io.cn"
    source: hosted
    version: "2.1.2"
  process:
    dependency: transitive
    description:
      name: process
      sha256: "53fd8db9cec1d37b0574e12f07520d582019cb6c44abf5479a01505099a34a09"
      url: "https://pub.flutter-io.cn"
    source: hosted
    version: "4.2.4"
  provider:
    dependency: transitive
    description:
      name: provider
      sha256: e1e7413d70444ea3096815a60fe5da1b11bda8a9dc4769252cc82c53536f8bcc
      url: "https://pub.flutter-io.cn"
    source: hosted
    version: "6.0.4"
  qq_badge:
    dependency: "direct main"
    description:
      name: qq_badge
      sha256: f26a4acc69ca242276d00b4a2827b5df0417ab449b7549bf8d5b99c68ec1a557
      url: "https://pub.flutter-io.cn"
    source: hosted
    version: "0.0.2"
  record:
    dependency: "direct main"
    description:
      name: record
      sha256: "33c69d0100c8380514618d7e933712669010e984543c0eb119b81b42b3fc83d6"
      url: "https://pub.flutter-io.cn"
    source: hosted
    version: "4.4.1"
  record_linux:
    dependency: transitive
    description:
      name: record_linux
      sha256: "32b8937bae11b7224237e4b2514197808e6ab11e3dfc6ffa37add69d1834cd8e"
      url: "https://pub.flutter-io.cn"
    source: hosted
    version: "0.3.4"
  record_macos:
    dependency: transitive
    description:
      name: record_macos
      sha256: d1d0199d1395f05e218207e8cacd03eb9dc9e256ddfe2cfcbbb90e8edea06057
      url: "https://pub.flutter-io.cn"
    source: hosted
    version: "0.2.2"
  record_platform_interface:
    dependency: transitive
    description:
      name: record_platform_interface
      sha256: "7a2d4ce7ac3752505157e416e4e0d666a54b1d5d8601701b7e7e5e30bec181b4"
      url: "https://pub.flutter-io.cn"
    source: hosted
    version: "0.5.0"
  record_web:
    dependency: transitive
    description:
      name: record_web
      sha256: "219ffb4ca59b4338117857db56d3ffadbde3169bcaf1136f5f4d4656f4a2372d"
      url: "https://pub.flutter-io.cn"
    source: hosted
    version: "0.5.0"
  record_windows:
    dependency: transitive
    description:
      name: record_windows
      sha256: "8a5f10652ac7a3aa004429e254a9f35e4d1b47265521edaca62544e19354e1b8"
      url: "https://pub.flutter-io.cn"
    source: hosted
    version: "0.6.2"
  rxdart:
    dependency: "direct main"
    description:
      name: rxdart
      sha256: "5d22055fd443806c03ef24a02000637cf51eae49c2a0168d38a43fc166b0209c"
      url: "https://pub.flutter-io.cn"
    source: hosted
    version: "0.27.5"
  shared_preferences:
    dependency: transitive
    description:
      name: shared_preferences
      sha256: "76917b7d4b9526b2ba416808a7eb9fb2863c1a09cf63ec85f1453da240fa818a"
      url: "https://pub.flutter-io.cn"
    source: hosted
    version: "2.0.15"
  shared_preferences_android:
    dependency: transitive
    description:
      name: shared_preferences_android
      sha256: "853801ce6ba7429ec4e923e37317f32a57c903de50b8c33ffcfbdb7e6f0dd39c"
      url: "https://pub.flutter-io.cn"
    source: hosted
    version: "2.0.12"
  shared_preferences_ios:
    dependency: transitive
    description:
      name: shared_preferences_ios
      sha256: "585a14cefec7da8c9c2fb8cd283a3bb726b4155c0952afe6a0caaa7b2272de34"
      url: "https://pub.flutter-io.cn"
    source: hosted
    version: "2.1.1"
  shared_preferences_linux:
    dependency: transitive
    description:
      name: shared_preferences_linux
      sha256: "28aefc1261746e7bad3d09799496054beb84e8c4ffcdfed7734e17b4ada459a5"
      url: "https://pub.flutter-io.cn"
    source: hosted
    version: "2.1.1"
  shared_preferences_macos:
    dependency: transitive
    description:
      name: shared_preferences_macos
      sha256: fbb94bf296576f49be37a1496d5951796211a8db0aa22cc0d68c46440dad808c
      url: "https://pub.flutter-io.cn"
    source: hosted
    version: "2.0.4"
  shared_preferences_platform_interface:
    dependency: transitive
    description:
      name: shared_preferences_platform_interface
      sha256: "992f0fdc46d0a3c0ac2e5859f2de0e577bbe51f78a77ee8f357cbe626a2ad32d"
      url: "https://pub.flutter-io.cn"
    source: hosted
    version: "2.0.0"
  shared_preferences_web:
    dependency: transitive
    description:
      name: shared_preferences_web
      sha256: a4b5bc37fe1b368bbc81f953197d55e12f49d0296e7e412dfe2d2d77d6929958
      url: "https://pub.flutter-io.cn"
    source: hosted
    version: "2.0.4"
  shared_preferences_windows:
    dependency: transitive
    description:
      name: shared_preferences_windows
      sha256: "97f7ab9a7da96d9cf19581f5de520ceb529548498bd6b5e0ccd02d68a0d15eba"
      url: "https://pub.flutter-io.cn"
    source: hosted
    version: "2.1.1"
  should_rebuild:
    dependency: "direct main"
    description:
      name: should_rebuild
      sha256: "33b49e41c9053ac4e07a1bad7cde32c08cb39aeab07db462684ab1061c63b9a6"
      url: "https://pub.flutter-io.cn"
    source: hosted
    version: "1.0.1"
  sky_engine:
    dependency: transitive
    description: flutter
    source: sdk
    version: "0.0.99"
  source_span:
    dependency: transitive
    description:
      name: source_span
      sha256: dd904f795d4b4f3b870833847c461801f6750a9fa8e61ea5ac53f9422b31f250
      url: "https://pub.flutter-io.cn"
    source: hosted
    version: "1.9.1"
  sprintf:
    dependency: "direct main"
    description:
      name: sprintf
      sha256: "1fc9ffe69d4df602376b52949af107d8f5703b77cda567c4d7d86a0693120f23"
      url: "https://pub.flutter-io.cn"
    source: hosted
    version: "7.0.0"
  sqflite:
    dependency: transitive
    description:
      name: sqflite
      sha256: f83e4c46d693b02436348a3a8693fa0fa50b0d98eeb55afc7579b70b0d8967f6
      url: "https://pub.flutter-io.cn"
    source: hosted
    version: "2.0.2"
  sqflite_common:
    dependency: transitive
    description:
      name: sqflite_common
      sha256: "726bb7ae451aa31aae9442c6c658b80992d7933dd9d2e770d41244d9e5d8ba4e"
      url: "https://pub.flutter-io.cn"
    source: hosted
    version: "2.2.1"
  stack_trace:
    dependency: transitive
    description:
      name: stack_trace
      sha256: c3c7d8edb15bee7f0f74debd4b9c5f3c2ea86766fe4178eb2a18eb30a0bdaed5
      url: "https://pub.flutter-io.cn"
    source: hosted
    version: "1.11.0"
  stream_channel:
    dependency: transitive
    description:
      name: stream_channel
      sha256: "83615bee9045c1d322bbbd1ba209b7a749c2cbcdcb3fdd1df8eb488b3279c1c8"
      url: "https://pub.flutter-io.cn"
    source: hosted
    version: "2.1.1"
  string_scanner:
    dependency: transitive
    description:
      name: string_scanner
      sha256: "556692adab6cfa87322a115640c11f13cb77b3f076ddcc5d6ae3c20242bedcde"
      url: "https://pub.flutter-io.cn"
    source: hosted
    version: "1.2.0"
  synchronized:
    dependency: transitive
    description:
      name: synchronized
      sha256: a7f0790927c0806ae0d5eb061c713748fa6070ef0037e391a2d53c3844c09dc2
      url: "https://pub.flutter-io.cn"
    source: hosted
    version: "3.0.0+2"
  term_glyph:
    dependency: transitive
    description:
      name: term_glyph
      sha256: a29248a84fbb7c79282b40b8c72a1209db169a2e0542bce341da992fe1bc7e84
      url: "https://pub.flutter-io.cn"
    source: hosted
    version: "1.2.1"
  test_api:
    dependency: transitive
    description:
      name: test_api
      sha256: ad540f65f92caa91bf21dfc8ffb8c589d6e4dc0c2267818b4cc2792857706206
      url: "https://pub.flutter-io.cn"
    source: hosted
    version: "0.4.16"
  typed_data:
    dependency: transitive
    description:
      name: typed_data
      sha256: "53bdf7e979cfbf3e28987552fd72f637e63f3c8724c9e56d9246942dc2fa36ee"
      url: "https://pub.flutter-io.cn"
    source: hosted
    version: "1.3.0"
  uuid:
    dependency: transitive
    description:
      name: uuid
      sha256: "00ba1241ff12e77d8059eeb1f102b35235df01661a6110afd165ab52a0fc7714"
      url: "https://pub.flutter-io.cn"
    source: hosted
    version: "3.0.5"
  vector_math:
    dependency: transitive
    description:
      name: vector_math
      sha256: "80b3257d1492ce4d091729e3a67a60407d227c27241d6927be0130c98e741803"
      url: "https://pub.flutter-io.cn"
    source: hosted
    version: "2.1.4"
  video_player:
    dependency: "direct main"
    description:
      name: video_player
      sha256: "32c20460c6879140dbd2728323918e5b1982125ad6517f71a01e17cdd7fa7975"
      url: "https://pub.flutter-io.cn"
    source: hosted
    version: "2.4.7"
  video_player_android:
    dependency: transitive
    description:
      name: video_player_android
      sha256: d4d7313d1dc6f14d3414b98e2b268c3f34f4ac4ce4af51cf905e9a438edf0c77
      url: "https://pub.flutter-io.cn"
    source: hosted
    version: "2.3.9"
  video_player_avfoundation:
    dependency: transitive
    description:
      name: video_player_avfoundation
      sha256: "3df559495634bba8feb24439ac0a28a380d4ff96be7990811dc4ec81299e8cfa"
      url: "https://pub.flutter-io.cn"
    source: hosted
    version: "2.3.7"
  video_player_platform_interface:
    dependency: transitive
    description:
      name: video_player_platform_interface
      sha256: "318a6d20577e1c78cf0bf40670883cc571ea860c72a4f7426d7dacce4bdd4343"
      url: "https://pub.flutter-io.cn"
    source: hosted
    version: "5.1.4"
  video_player_web:
    dependency: transitive
    description:
      name: video_player_web
      sha256: ed949a3df5fe88533254bbdd242c3d8eea19ecbc4e7af90da84ef087533f584b
      url: "https://pub.flutter-io.cn"
    source: hosted
    version: "2.0.12"
  visibility_detector:
    dependency: "direct main"
    description:
      name: visibility_detector
      sha256: "15c54a459ec2c17b4705450483f3d5a2858e733aee893dcee9d75fd04814940d"
      url: "https://pub.flutter-io.cn"
    source: hosted
    version: "0.3.3"
  wakelock:
    dependency: transitive
    description:
      name: wakelock
      sha256: "769ecf42eb2d07128407b50cb93d7c10bd2ee48f0276ef0119db1d25cc2f87db"
      url: "https://pub.flutter-io.cn"
    source: hosted
    version: "0.6.2"
  wakelock_macos:
    dependency: transitive
    description:
      name: wakelock_macos
      sha256: "047c6be2f88cb6b76d02553bca5a3a3b95323b15d30867eca53a19a0a319d4cd"
      url: "https://pub.flutter-io.cn"
    source: hosted
    version: "0.4.0"
  wakelock_platform_interface:
    dependency: transitive
    description:
      name: wakelock_platform_interface
      sha256: "1f4aeb81fb592b863da83d2d0f7b8196067451e4df91046c26b54a403f9de621"
      url: "https://pub.flutter-io.cn"
    source: hosted
    version: "0.3.0"
  wakelock_web:
    dependency: transitive
    description:
      name: wakelock_web
      sha256: "1b256b811ee3f0834888efddfe03da8d18d0819317f20f6193e2922b41a501b5"
      url: "https://pub.flutter-io.cn"
    source: hosted
    version: "0.4.0"
  wakelock_windows:
    dependency: transitive
    description:
      name: wakelock_windows
      sha256: "108b1b73711f1664ee462e73af34a9286ff496e27d4d8371e2fb4da8fde4cdac"
      url: "https://pub.flutter-io.cn"
    source: hosted
    version: "0.2.0"
  win32:
    dependency: transitive
    description:
      name: win32
      sha256: cde1e6d546d8cfd0b3c72bc6f29d980fa629d1cb107f38e2a039ca5d10d79e41
      url: "https://pub.flutter-io.cn"
    source: hosted
    version: "2.4.1"
  xdg_directories:
    dependency: transitive
    description:
      name: xdg_directories
      sha256: "060b6e1c891d956f72b5ac9463466c37cce3fa962a921532fc001e86fe93438e"
      url: "https://pub.flutter-io.cn"
    source: hosted
    version: "0.2.0+1"
  xml:
    dependency: transitive
    description:
      name: xml
      sha256: ac0e3f4bf00ba2708c33fbabbbe766300e509f8c82dbd4ab6525039813f7e2fb
      url: "https://pub.flutter-io.cn"
    source: hosted
    version: "6.1.0"
sdks:
  dart: ">=2.18.0 <3.0.0"
  flutter: ">=3.7.0"
